
Microsoft Visual Studio Solution File, Format Version 12.00
# Visual Studio 2013
VisualStudioVersion = 12.0.30110.0
MinimumVisualStudioVersion = 10.0.40219.1
Project("{2150E333-8FDC-42A3-9474-1A3956D46DE8}") = "BCs", "BCs", "{C48EE418-2275-40E9-B8E8-AF9D7047ED47}"
EndProject
Project("{2150E333-8FDC-42A3-9474-1A3956D46DE8}") = "IdentityAndAccess", "IdentityAndAccess", "{3872D688-3EB6-4FF9-9FE1-80F6174E35FC}"
EndProject
Project("{FAE04EC0-301F-11D3-BF4B-00C04F79EFBC}") = "NMSD.Cronus.Sample.IdentityAndAccess", "NMSD.Cronus.Sample.IdentityAndAccess\NMSD.Cronus.Sample.IdentityAndAccess.csproj", "{4B8FEB6A-874B-4ACD-960A-73CBDB749049}"
EndProject
Project("{FAE04EC0-301F-11D3-BF4B-00C04F79EFBC}") = "NMSD.Cronus.Sample.IdentityAndAccess.Contracts", "NMSD.Cronus.Sample.IdentityAndAccess.Contracts\NMSD.Cronus.Sample.IdentityAndAccess.Contracts.csproj", "{1C59EB3D-70E6-45B4-B644-E5607DCF4713}"
EndProject
Project("{2150E333-8FDC-42A3-9474-1A3956D46DE8}") = "Collaboration", "Collaboration", "{BC00FFCA-030B-48D2-951D-D335BC5DC6C8}"
EndProject
Project("{FAE04EC0-301F-11D3-BF4B-00C04F79EFBC}") = "NMSD.Cronus.Sample.Collaboration", "NMSD.Cronus.Sample.Collaboration\NMSD.Cronus.Sample.Collaboration.csproj", "{EBA90C1F-5F2C-4A78-B91B-D2C3D664530D}"
EndProject
Project("{FAE04EC0-301F-11D3-BF4B-00C04F79EFBC}") = "NMSD.Cronus.Sample.Collaboration.Contracts", "NMSD.Cronus.Sample.Collaboration.Contracts\NMSD.Cronus.Sample.Collaboration.Contracts.csproj", "{FD8A4975-EBA8-4898-A0AE-35184C11AFCB}"
EndProject
Project("{FAE04EC0-301F-11D3-BF4B-00C04F79EFBC}") = "NMSD.Cronus.Sample.Collaboration.Handlers", "NMSD.Cronus.Sample.Collaboration.Handlers\NMSD.Cronus.Sample.Collaboration.Handlers.csproj", "{448A98D9-D1E2-41D3-943D-029FE17A35EF}"
EndProject
Project("{2150E333-8FDC-42A3-9474-1A3956D46DE8}") = "Hosts", "Hosts", "{ADD9DF68-737C-48B2-8B29-115AE24920EF}"
EndProject
Project("{2150E333-8FDC-42A3-9474-1A3956D46DE8}") = "MultiNode", "MultiNode", "{F500DEF9-297B-4BCB-AD06-AF60CE197CA2}"
EndProject
Project("{2150E333-8FDC-42A3-9474-1A3956D46DE8}") = "SingleNode", "SingleNode", "{E0B49807-D9E4-43CB-B6D6-929A17212D7E}"
EndProject
Project("{FAE04EC0-301F-11D3-BF4B-00C04F79EFBC}") = "NMSD.Cronus.Sample.InMemoryServer", "NMSD.Cronus.Sample.InMemoryServer\NMSD.Cronus.Sample.InMemoryServer.csproj", "{0B495064-1425-465E-A2DC-36275A206F0B}"
EndProject
Project("{FAE04EC0-301F-11D3-BF4B-00C04F79EFBC}") = "NMSD.Cronus.Sample.ApplicationServices", "NMSD.Cronus.Sample.ApplicationServices\NMSD.Cronus.Sample.ApplicationServices.csproj", "{BC71BF12-E95F-4617-BCA0-5E4E4B4C0BB7}"
EndProject
Project("{FAE04EC0-301F-11D3-BF4B-00C04F79EFBC}") = "NMSD.Cronus.Sample.EventStore", "NMSD.Cronus.Sample.EventStore\NMSD.Cronus.Sample.EventStore.csproj", "{D201DFFA-3B05-4A47-BD07-8BE6F4D9F664}"
EndProject
Project("{FAE04EC0-301F-11D3-BF4B-00C04F79EFBC}") = "NMSD.Cronus.Sample.UI", "NMSD.Cronus.Sample.UI\NMSD.Cronus.Sample.UI.csproj", "{15005FAF-E7E6-4199-B2DB-E2B9604C2F9C}"
EndProject
Project("{FAE04EC0-301F-11D3-BF4B-00C04F79EFBC}") = "NMSD.Cronus.Sample.Player", "NMSD.Cronus.Sample.Player\NMSD.Cronus.Sample.Player.csproj", "{AD1B27D2-0778-46CC-B647-7A7A906F3324}"
EndProject
Project("{2150E333-8FDC-42A3-9474-1A3956D46DE8}") = "CommonFiles", "CommonFiles", "{8C087A73-5BE4-427E-AFC7-2EB49B24BD86}"
	ProjectSection(SolutionItems) = preProject
		NMSD.Cronus.Sample.CommonFiles\NHibernateExtensions.cs = NMSD.Cronus.Sample.CommonFiles\NHibernateExtensions.cs
	EndProjectSection
EndProject
Project("{FAE04EC0-301F-11D3-BF4B-00C04F79EFBC}") = "NMSD.Cronus", "NMSD.Cronus\NMSD.Cronus.csproj", "{32EA2250-01B3-4171-9AE7-214037A0D524}"
EndProject
Project("{FAE04EC0-301F-11D3-BF4B-00C04F79EFBC}") = "NMSD.Cronus.Sample.Projections", "NMSD.Cronus.Sample.Projections\NMSD.Cronus.Sample.Projections.csproj", "{DCB6988D-602C-43FD-A966-2D9446801E03}"
EndProject
Project("{FAE04EC0-301F-11D3-BF4B-00C04F79EFBC}") = "NMSD.Cronus.Sample.Ports", "NMSD.Cronus.Sample.Ports\NMSD.Cronus.Sample.Ports.csproj", "{B332D877-A3C3-4609-A5EA-069AE3FC32CF}"
EndProject
Global
	GlobalSection(SolutionConfigurationPlatforms) = preSolution
		Debug|Any CPU = Debug|Any CPU
		Release|Any CPU = Release|Any CPU
	EndGlobalSection
	GlobalSection(ProjectConfigurationPlatforms) = postSolution
		{4B8FEB6A-874B-4ACD-960A-73CBDB749049}.Debug|Any CPU.ActiveCfg = Debug|Any CPU
		{4B8FEB6A-874B-4ACD-960A-73CBDB749049}.Debug|Any CPU.Build.0 = Debug|Any CPU
		{4B8FEB6A-874B-4ACD-960A-73CBDB749049}.Release|Any CPU.ActiveCfg = Release|Any CPU
		{4B8FEB6A-874B-4ACD-960A-73CBDB749049}.Release|Any CPU.Build.0 = Release|Any CPU
		{1C59EB3D-70E6-45B4-B644-E5607DCF4713}.Debug|Any CPU.ActiveCfg = Debug|Any CPU
		{1C59EB3D-70E6-45B4-B644-E5607DCF4713}.Debug|Any CPU.Build.0 = Debug|Any CPU
		{1C59EB3D-70E6-45B4-B644-E5607DCF4713}.Release|Any CPU.ActiveCfg = Release|Any CPU
		{1C59EB3D-70E6-45B4-B644-E5607DCF4713}.Release|Any CPU.Build.0 = Release|Any CPU
		{EBA90C1F-5F2C-4A78-B91B-D2C3D664530D}.Debug|Any CPU.ActiveCfg = Debug|Any CPU
		{EBA90C1F-5F2C-4A78-B91B-D2C3D664530D}.Debug|Any CPU.Build.0 = Debug|Any CPU
		{EBA90C1F-5F2C-4A78-B91B-D2C3D664530D}.Release|Any CPU.ActiveCfg = Release|Any CPU
		{EBA90C1F-5F2C-4A78-B91B-D2C3D664530D}.Release|Any CPU.Build.0 = Release|Any CPU
		{FD8A4975-EBA8-4898-A0AE-35184C11AFCB}.Debug|Any CPU.ActiveCfg = Debug|Any CPU
		{FD8A4975-EBA8-4898-A0AE-35184C11AFCB}.Debug|Any CPU.Build.0 = Debug|Any CPU
		{FD8A4975-EBA8-4898-A0AE-35184C11AFCB}.Release|Any CPU.ActiveCfg = Release|Any CPU
		{FD8A4975-EBA8-4898-A0AE-35184C11AFCB}.Release|Any CPU.Build.0 = Release|Any CPU
		{448A98D9-D1E2-41D3-943D-029FE17A35EF}.Debug|Any CPU.ActiveCfg = Debug|Any CPU
		{448A98D9-D1E2-41D3-943D-029FE17A35EF}.Debug|Any CPU.Build.0 = Debug|Any CPU
		{448A98D9-D1E2-41D3-943D-029FE17A35EF}.Release|Any CPU.ActiveCfg = Release|Any CPU
		{448A98D9-D1E2-41D3-943D-029FE17A35EF}.Release|Any CPU.Build.0 = Release|Any CPU
		{0B495064-1425-465E-A2DC-36275A206F0B}.Debug|Any CPU.ActiveCfg = Debug|Any CPU
		{0B495064-1425-465E-A2DC-36275A206F0B}.Debug|Any CPU.Build.0 = Debug|Any CPU
		{0B495064-1425-465E-A2DC-36275A206F0B}.Release|Any CPU.ActiveCfg = Release|Any CPU
		{0B495064-1425-465E-A2DC-36275A206F0B}.Release|Any CPU.Build.0 = Release|Any CPU
		{BC71BF12-E95F-4617-BCA0-5E4E4B4C0BB7}.Debug|Any CPU.ActiveCfg = Debug|Any CPU
		{BC71BF12-E95F-4617-BCA0-5E4E4B4C0BB7}.Debug|Any CPU.Build.0 = Debug|Any CPU
		{BC71BF12-E95F-4617-BCA0-5E4E4B4C0BB7}.Release|Any CPU.ActiveCfg = Release|Any CPU
		{BC71BF12-E95F-4617-BCA0-5E4E4B4C0BB7}.Release|Any CPU.Build.0 = Release|Any CPU
		{D201DFFA-3B05-4A47-BD07-8BE6F4D9F664}.Debug|Any CPU.ActiveCfg = Debug|Any CPU
		{D201DFFA-3B05-4A47-BD07-8BE6F4D9F664}.Debug|Any CPU.Build.0 = Debug|Any CPU
		{D201DFFA-3B05-4A47-BD07-8BE6F4D9F664}.Release|Any CPU.ActiveCfg = Release|Any CPU
		{D201DFFA-3B05-4A47-BD07-8BE6F4D9F664}.Release|Any CPU.Build.0 = Release|Any CPU
		{15005FAF-E7E6-4199-B2DB-E2B9604C2F9C}.Debug|Any CPU.ActiveCfg = Debug|Any CPU
		{15005FAF-E7E6-4199-B2DB-E2B9604C2F9C}.Debug|Any CPU.Build.0 = Debug|Any CPU
		{15005FAF-E7E6-4199-B2DB-E2B9604C2F9C}.Release|Any CPU.ActiveCfg = Release|Any CPU
		{15005FAF-E7E6-4199-B2DB-E2B9604C2F9C}.Release|Any CPU.Build.0 = Release|Any CPU
		{AD1B27D2-0778-46CC-B647-7A7A906F3324}.Debug|Any CPU.ActiveCfg = Debug|Any CPU
		{AD1B27D2-0778-46CC-B647-7A7A906F3324}.Debug|Any CPU.Build.0 = Debug|Any CPU
		{AD1B27D2-0778-46CC-B647-7A7A906F3324}.Release|Any CPU.ActiveCfg = Release|Any CPU
		{AD1B27D2-0778-46CC-B647-7A7A906F3324}.Release|Any CPU.Build.0 = Release|Any CPU
		{32EA2250-01B3-4171-9AE7-214037A0D524}.Debug|Any CPU.ActiveCfg = Debug|Any CPU
		{32EA2250-01B3-4171-9AE7-214037A0D524}.Debug|Any CPU.Build.0 = Debug|Any CPU
		{32EA2250-01B3-4171-9AE7-214037A0D524}.Release|Any CPU.ActiveCfg = Release|Any CPU
		{32EA2250-01B3-4171-9AE7-214037A0D524}.Release|Any CPU.Build.0 = Release|Any CPU
		{DCB6988D-602C-43FD-A966-2D9446801E03}.Debug|Any CPU.ActiveCfg = Debug|Any CPU
		{DCB6988D-602C-43FD-A966-2D9446801E03}.Debug|Any CPU.Build.0 = Debug|Any CPU
		{DCB6988D-602C-43FD-A966-2D9446801E03}.Release|Any CPU.ActiveCfg = Release|Any CPU
		{DCB6988D-602C-43FD-A966-2D9446801E03}.Release|Any CPU.Build.0 = Release|Any CPU
		{B332D877-A3C3-4609-A5EA-069AE3FC32CF}.Debug|Any CPU.ActiveCfg = Debug|Any CPU
		{B332D877-A3C3-4609-A5EA-069AE3FC32CF}.Debug|Any CPU.Build.0 = Debug|Any CPU
		{B332D877-A3C3-4609-A5EA-069AE3FC32CF}.Release|Any CPU.ActiveCfg = Release|Any CPU
		{B332D877-A3C3-4609-A5EA-069AE3FC32CF}.Release|Any CPU.Build.0 = Release|Any CPU
	EndGlobalSection
	GlobalSection(SolutionProperties) = preSolution
		HideSolutionNode = FALSE
	EndGlobalSection
	GlobalSection(NestedProjects) = preSolution
		{3872D688-3EB6-4FF9-9FE1-80F6174E35FC} = {C48EE418-2275-40E9-B8E8-AF9D7047ED47}
		{BC00FFCA-030B-48D2-951D-D335BC5DC6C8} = {C48EE418-2275-40E9-B8E8-AF9D7047ED47}
		{4B8FEB6A-874B-4ACD-960A-73CBDB749049} = {3872D688-3EB6-4FF9-9FE1-80F6174E35FC}
		{1C59EB3D-70E6-45B4-B644-E5607DCF4713} = {3872D688-3EB6-4FF9-9FE1-80F6174E35FC}
		{EBA90C1F-5F2C-4A78-B91B-D2C3D664530D} = {BC00FFCA-030B-48D2-951D-D335BC5DC6C8}
		{FD8A4975-EBA8-4898-A0AE-35184C11AFCB} = {BC00FFCA-030B-48D2-951D-D335BC5DC6C8}
		{448A98D9-D1E2-41D3-943D-029FE17A35EF} = {BC00FFCA-030B-48D2-951D-D335BC5DC6C8}
		{F500DEF9-297B-4BCB-AD06-AF60CE197CA2} = {ADD9DF68-737C-48B2-8B29-115AE24920EF}
		{E0B49807-D9E4-43CB-B6D6-929A17212D7E} = {ADD9DF68-737C-48B2-8B29-115AE24920EF}
		{BC71BF12-E95F-4617-BCA0-5E4E4B4C0BB7} = {F500DEF9-297B-4BCB-AD06-AF60CE197CA2}
		{D201DFFA-3B05-4A47-BD07-8BE6F4D9F664} = {F500DEF9-297B-4BCB-AD06-AF60CE197CA2}
		{15005FAF-E7E6-4199-B2DB-E2B9604C2F9C} = {F500DEF9-297B-4BCB-AD06-AF60CE197CA2}
		{AD1B27D2-0778-46CC-B647-7A7A906F3324} = {F500DEF9-297B-4BCB-AD06-AF60CE197CA2}
		{DCB6988D-602C-43FD-A966-2D9446801E03} = {F500DEF9-297B-4BCB-AD06-AF60CE197CA2}
		{B332D877-A3C3-4609-A5EA-069AE3FC32CF} = {F500DEF9-297B-4BCB-AD06-AF60CE197CA2}
		{0B495064-1425-465E-A2DC-36275A206F0B} = {E0B49807-D9E4-43CB-B6D6-929A17212D7E}
	EndGlobalSection
EndGlobal
